// !$*UTF8*$!
{
	archiveVersion = 1;
	classes = {
	};
	objectVersion = 46;
	objects = {

/* Begin PBXBuildFile section */
		D31732E215316348009065B8 /* AtomicFlag.m in Sources */ = {isa = PBXBuildFile; fileRef = D31732E115316348009065B8 /* AtomicFlag.m */; };
		D32684AE153263F400FFA1A6 /* MovieWriter.m in Sources */ = {isa = PBXBuildFile; fileRef = D32684AD153263F400FFA1A6 /* MovieWriter.m */; };
		D3F39B9D152F7CCC00592832 /* AVFoundation.framework in Frameworks */ = {isa = PBXBuildFile; fileRef = D3F39B9C152F7CCC00592832 /* AVFoundation.framework */; };
		D3F39BA0152F7CD400592832 /* CoreMedia.framework in Frameworks */ = {isa = PBXBuildFile; fileRef = D3F39B9F152F7CD400592832 /* CoreMedia.framework */; };
		D3F39BA2152F7CE100592832 /* AssetsLibrary.framework in Frameworks */ = {isa = PBXBuildFile; fileRef = D3F39BA1152F7CE100592832 /* AssetsLibrary.framework */; };
		D3F39BA4152F7CF600592832 /* CoreAudio.framework in Frameworks */ = {isa = PBXBuildFile; fileRef = D3F39BA3152F7CF600592832 /* CoreAudio.framework */; };
		D3F39BA6152F7CFD00592832 /* CoreVideo.framework in Frameworks */ = {isa = PBXBuildFile; fileRef = D3F39BA5152F7CFD00592832 /* CoreVideo.framework */; };
		D3F39BA8152F7D0C00592832 /* QuartzCore.framework in Frameworks */ = {isa = PBXBuildFile; fileRef = D3F39BA7152F7D0C00592832 /* QuartzCore.framework */; };
		D3F39BAA152F7D1C00592832 /* ImageIO.framework in Frameworks */ = {isa = PBXBuildFile; fileRef = D3F39BA9152F7D1C00592832 /* ImageIO.framework */; };
		D3F39BAC152F7D3300592832 /* MediaPlayer.framework in Frameworks */ = {isa = PBXBuildFile; fileRef = D3F39BAB152F7D3300592832 /* MediaPlayer.framework */; };
		D3F39BAE152F7D4700592832 /* MobileCoreServices.framework in Frameworks */ = {isa = PBXBuildFile; fileRef = D3F39BAD152F7D4700592832 /* MobileCoreServices.framework */; };
		D3F39BB1152F7D7E00592832 /* Camcorder.m in Sources */ = {isa = PBXBuildFile; fileRef = D3F39BB0152F7D7E00592832 /* Camcorder.m */; };
		D3FB0867152F781300BE32FD /* UIKit.framework in Frameworks */ = {isa = PBXBuildFile; fileRef = D3FB0866152F781300BE32FD /* UIKit.framework */; };
		D3FB0869152F781300BE32FD /* Foundation.framework in Frameworks */ = {isa = PBXBuildFile; fileRef = D3FB0868152F781300BE32FD /* Foundation.framework */; };
		D3FB086B152F781300BE32FD /* CoreGraphics.framework in Frameworks */ = {isa = PBXBuildFile; fileRef = D3FB086A152F781300BE32FD /* CoreGraphics.framework */; };
		D3FB0871152F781300BE32FD /* InfoPlist.strings in Resources */ = {isa = PBXBuildFile; fileRef = D3FB086F152F781300BE32FD /* InfoPlist.strings */; };
		D3FB0873152F781300BE32FD /* main.m in Sources */ = {isa = PBXBuildFile; fileRef = D3FB0872152F781300BE32FD /* main.m */; };
		D3FB0877152F781300BE32FD /* AppDelegate.m in Sources */ = {isa = PBXBuildFile; fileRef = D3FB0876152F781300BE32FD /* AppDelegate.m */; };
		D3FB087A152F781300BE32FD /* MainViewController.m in Sources */ = {isa = PBXBuildFile; fileRef = D3FB0879152F781300BE32FD /* MainViewController.m */; };
/* End PBXBuildFile section */

/* Begin PBXFileReference section */
		D31732E015316348009065B8 /* AtomicFlag.h */ = {isa = PBXFileReference; fileEncoding = 4; lastKnownFileType = sourcecode.c.h; path = AtomicFlag.h; sourceTree = "<group>"; };
		D31732E115316348009065B8 /* AtomicFlag.m */ = {isa = PBXFileReference; fileEncoding = 4; lastKnownFileType = sourcecode.c.objc; path = AtomicFlag.m; sourceTree = "<group>"; };
		D32684AC153263F400FFA1A6 /* MovieWriter.h */ = {isa = PBXFileReference; fileEncoding = 4; lastKnownFileType = sourcecode.c.h; path = MovieWriter.h; sourceTree = "<group>"; };
		D32684AD153263F400FFA1A6 /* MovieWriter.m */ = {isa = PBXFileReference; fileEncoding = 4; lastKnownFileType = sourcecode.c.objc; path = MovieWriter.m; sourceTree = "<group>"; };
		D3F39B9C152F7CCC00592832 /* AVFoundation.framework */ = {isa = PBXFileReference; lastKnownFileType = wrapper.framework; name = AVFoundation.framework; path = System/Library/Frameworks/AVFoundation.framework; sourceTree = SDKROOT; };
		D3F39B9F152F7CD400592832 /* CoreMedia.framework */ = {isa = PBXFileReference; lastKnownFileType = wrapper.framework; name = CoreMedia.framework; path = System/Library/Frameworks/CoreMedia.framework; sourceTree = SDKROOT; };
		D3F39BA1152F7CE100592832 /* AssetsLibrary.framework */ = {isa = PBXFileReference; lastKnownFileType = wrapper.framework; name = AssetsLibrary.framework; path = System/Library/Frameworks/AssetsLibrary.framework; sourceTree = SDKROOT; };
		D3F39BA3152F7CF600592832 /* CoreAudio.framework */ = {isa = PBXFileReference; lastKnownFileType = wrapper.framework; name = CoreAudio.framework; path = System/Library/Frameworks/CoreAudio.framework; sourceTree = SDKROOT; };
		D3F39BA5152F7CFD00592832 /* CoreVideo.framework */ = {isa = PBXFileReference; lastKnownFileType = wrapper.framework; name = CoreVideo.framework; path = System/Library/Frameworks/CoreVideo.framework; sourceTree = SDKROOT; };
		D3F39BA7152F7D0C00592832 /* QuartzCore.framework */ = {isa = PBXFileReference; lastKnownFileType = wrapper.framework; name = QuartzCore.framework; path = System/Library/Frameworks/QuartzCore.framework; sourceTree = SDKROOT; };
		D3F39BA9152F7D1C00592832 /* ImageIO.framework */ = {isa = PBXFileReference; lastKnownFileType = wrapper.framework; name = ImageIO.framework; path = System/Library/Frameworks/ImageIO.framework; sourceTree = SDKROOT; };
		D3F39BAB152F7D3300592832 /* MediaPlayer.framework */ = {isa = PBXFileReference; lastKnownFileType = wrapper.framework; name = MediaPlayer.framework; path = System/Library/Frameworks/MediaPlayer.framework; sourceTree = SDKROOT; };
		D3F39BAD152F7D4700592832 /* MobileCoreServices.framework */ = {isa = PBXFileReference; lastKnownFileType = wrapper.framework; name = MobileCoreServices.framework; path = System/Library/Frameworks/MobileCoreServices.framework; sourceTree = SDKROOT; };
		D3F39BAF152F7D7E00592832 /* Camcorder.h */ = {isa = PBXFileReference; fileEncoding = 4; lastKnownFileType = sourcecode.c.h; path = Camcorder.h; sourceTree = "<group>"; };
		D3F39BB0152F7D7E00592832 /* Camcorder.m */ = {isa = PBXFileReference; fileEncoding = 4; lastKnownFileType = sourcecode.c.objc; path = Camcorder.m; sourceTree = "<group>"; };
		D3F39BB2152F7DD800592832 /* CamcorderDelegate.h */ = {isa = PBXFileReference; lastKnownFileType = sourcecode.c.h; path = CamcorderDelegate.h; sourceTree = "<group>"; };
		D3FB0862152F781300BE32FD /* Camcorder.app */ = {isa = PBXFileReference; explicitFileType = wrapper.application; includeInIndex = 0; path = Camcorder.app; sourceTree = BUILT_PRODUCTS_DIR; };
		D3FB0866152F781300BE32FD /* UIKit.framework */ = {isa = PBXFileReference; lastKnownFileType = wrapper.framework; name = UIKit.framework; path = System/Library/Frameworks/UIKit.framework; sourceTree = SDKROOT; };
		D3FB0868152F781300BE32FD /* Foundation.framework */ = {isa = PBXFileReference; lastKnownFileType = wrapper.framework; name = Foundation.framework; path = System/Library/Frameworks/Foundation.framework; sourceTree = SDKROOT; };
		D3FB086A152F781300BE32FD /* CoreGraphics.framework */ = {isa = PBXFileReference; lastKnownFileType = wrapper.framework; name = CoreGraphics.framework; path = System/Library/Frameworks/CoreGraphics.framework; sourceTree = SDKROOT; };
		D3FB086E152F781300BE32FD /* Camcorder-Info.plist */ = {isa = PBXFileReference; lastKnownFileType = text.plist.xml; path = "Camcorder-Info.plist"; sourceTree = "<group>"; };
		D3FB0870152F781300BE32FD /* en */ = {isa = PBXFileReference; lastKnownFileType = text.plist.strings; name = en; path = en.lproj/InfoPlist.strings; sourceTree = "<group>"; };
		D3FB0872152F781300BE32FD /* main.m */ = {isa = PBXFileReference; lastKnownFileType = sourcecode.c.objc; path = main.m; sourceTree = "<group>"; };
		D3FB0874152F781300BE32FD /* Camcorder-Prefix.pch */ = {isa = PBXFileReference; lastKnownFileType = sourcecode.c.h; path = "Camcorder-Prefix.pch"; sourceTree = "<group>"; };
		D3FB0875152F781300BE32FD /* AppDelegate.h */ = {isa = PBXFileReference; lastKnownFileType = sourcecode.c.h; path = AppDelegate.h; sourceTree = "<group>"; };
		D3FB0876152F781300BE32FD /* AppDelegate.m */ = {isa = PBXFileReference; lastKnownFileType = sourcecode.c.objc; path = AppDelegate.m; sourceTree = "<group>"; };
		D3FB0878152F781300BE32FD /* MainViewController.h */ = {isa = PBXFileReference; lastKnownFileType = sourcecode.c.h; path = MainViewController.h; sourceTree = "<group>"; };
		D3FB0879152F781300BE32FD /* MainViewController.m */ = {isa = PBXFileReference; lastKnownFileType = sourcecode.c.objc; path = MainViewController.m; sourceTree = "<group>"; };
/* End PBXFileReference section */

/* Begin PBXFrameworksBuildPhase section */
		D3FB085F152F781300BE32FD /* Frameworks */ = {
			isa = PBXFrameworksBuildPhase;
			buildActionMask = 2147483647;
			files = (
				D3F39BAE152F7D4700592832 /* MobileCoreServices.framework in Frameworks */,
				D3F39BAC152F7D3300592832 /* MediaPlayer.framework in Frameworks */,
				D3F39BAA152F7D1C00592832 /* ImageIO.framework in Frameworks */,
				D3F39BA8152F7D0C00592832 /* QuartzCore.framework in Frameworks */,
				D3F39BA6152F7CFD00592832 /* CoreVideo.framework in Frameworks */,
				D3F39BA4152F7CF600592832 /* CoreAudio.framework in Frameworks */,
				D3F39BA2152F7CE100592832 /* AssetsLibrary.framework in Frameworks */,
				D3F39BA0152F7CD400592832 /* CoreMedia.framework in Frameworks */,
				D3F39B9D152F7CCC00592832 /* AVFoundation.framework in Frameworks */,
				D3FB0867152F781300BE32FD /* UIKit.framework in Frameworks */,
				D3FB0869152F781300BE32FD /* Foundation.framework in Frameworks */,
				D3FB086B152F781300BE32FD /* CoreGraphics.framework in Frameworks */,
			);
			runOnlyForDeploymentPostprocessing = 0;
		};
/* End PBXFrameworksBuildPhase section */

/* Begin PBXGroup section */
		D3FB0857152F781300BE32FD = {
			isa = PBXGroup;
			children = (
				D3FB086C152F781300BE32FD /* Camcorder */,
				D3FB0865152F781300BE32FD /* Frameworks */,
				D3FB0863152F781300BE32FD /* Products */,
			);
			sourceTree = "<group>";
		};
		D3FB0863152F781300BE32FD /* Products */ = {
			isa = PBXGroup;
			children = (
				D3FB0862152F781300BE32FD /* Camcorder.app */,
			);
			name = Products;
			sourceTree = "<group>";
		};
		D3FB0865152F781300BE32FD /* Frameworks */ = {
			isa = PBXGroup;
			children = (
				D3F39BA1152F7CE100592832 /* AssetsLibrary.framework */,
				D3F39B9C152F7CCC00592832 /* AVFoundation.framework */,
				D3F39BA3152F7CF600592832 /* CoreAudio.framework */,
				D3FB086A152F781300BE32FD /* CoreGraphics.framework */,
				D3F39B9F152F7CD400592832 /* CoreMedia.framework */,
				D3F39BA5152F7CFD00592832 /* CoreVideo.framework */,
				D3FB0868152F781300BE32FD /* Foundation.framework */,
				D3F39BA9152F7D1C00592832 /* ImageIO.framework */,
				D3F39BAB152F7D3300592832 /* MediaPlayer.framework */,
				D3F39BAD152F7D4700592832 /* MobileCoreServices.framework */,
				D3F39BA7152F7D0C00592832 /* QuartzCore.framework */,
				D3FB0866152F781300BE32FD /* UIKit.framework */,
			);
			name = Frameworks;
			sourceTree = "<group>";
		};
		D3FB086C152F781300BE32FD /* Camcorder */ = {
			isa = PBXGroup;
			children = (
				D31732E015316348009065B8 /* AtomicFlag.h */,
				D31732E115316348009065B8 /* AtomicFlag.m */,
				D3FB0875152F781300BE32FD /* AppDelegate.h */,
				D3FB0876152F781300BE32FD /* AppDelegate.m */,
				D3FB0878152F781300BE32FD /* MainViewController.h */,
				D3FB0879152F781300BE32FD /* MainViewController.m */,
				D3F39BAF152F7D7E00592832 /* Camcorder.h */,
				D3F39BB0152F7D7E00592832 /* Camcorder.m */,
				D3F39BB2152F7DD800592832 /* CamcorderDelegate.h */,
				D32684AC153263F400FFA1A6 /* MovieWriter.h */,
				D32684AD153263F400FFA1A6 /* MovieWriter.m */,
				D3FB086D152F781300BE32FD /* Supporting Files */,
			);
			path = Camcorder;
			sourceTree = "<group>";
		};
		D3FB086D152F781300BE32FD /* Supporting Files */ = {
			isa = PBXGroup;
			children = (
				D3FB086E152F781300BE32FD /* Camcorder-Info.plist */,
				D3FB086F152F781300BE32FD /* InfoPlist.strings */,
				D3FB0872152F781300BE32FD /* main.m */,
				D3FB0874152F781300BE32FD /* Camcorder-Prefix.pch */,
			);
			name = "Supporting Files";
			sourceTree = "<group>";
		};
/* End PBXGroup section */

/* Begin PBXNativeTarget section */
		D3FB0861152F781300BE32FD /* Camcorder */ = {
			isa = PBXNativeTarget;
			buildConfigurationList = D3FB0880152F781300BE32FD /* Build configuration list for PBXNativeTarget "Camcorder" */;
			buildPhases = (
				D3FB085E152F781300BE32FD /* Sources */,
				D3FB085F152F781300BE32FD /* Frameworks */,
				D3FB0860152F781300BE32FD /* Resources */,
			);
			buildRules = (
			);
			dependencies = (
			);
			name = Camcorder;
			productName = Camcorder;
			productReference = D3FB0862152F781300BE32FD /* Camcorder.app */;
			productType = "com.apple.product-type.application";
		};
/* End PBXNativeTarget section */

/* Begin PBXProject section */
		D3FB0859152F781300BE32FD /* Project object */ = {
			isa = PBXProject;
			attributes = {
				LastUpgradeCheck = 0430;
			};
			buildConfigurationList = D3FB085C152F781300BE32FD /* Build configuration list for PBXProject "Camcorder" */;
			compatibilityVersion = "Xcode 3.2";
			developmentRegion = English;
			hasScannedForEncodings = 0;
			knownRegions = (
				en,
			);
			mainGroup = D3FB0857152F781300BE32FD;
			productRefGroup = D3FB0863152F781300BE32FD /* Products */;
			projectDirPath = "";
			projectRoot = "";
			targets = (
				D3FB0861152F781300BE32FD /* Camcorder */,
			);
		};
/* End PBXProject section */

/* Begin PBXResourcesBuildPhase section */
		D3FB0860152F781300BE32FD /* Resources */ = {
			isa = PBXResourcesBuildPhase;
			buildActionMask = 2147483647;
			files = (
				D3FB0871152F781300BE32FD /* InfoPlist.strings in Resources */,
			);
			runOnlyForDeploymentPostprocessing = 0;
		};
/* End PBXResourcesBuildPhase section */

/* Begin PBXSourcesBuildPhase section */
		D3FB085E152F781300BE32FD /* Sources */ = {
			isa = PBXSourcesBuildPhase;
			buildActionMask = 2147483647;
			files = (
				D3FB0873152F781300BE32FD /* main.m in Sources */,
				D3FB0877152F781300BE32FD /* AppDelegate.m in Sources */,
				D3FB087A152F781300BE32FD /* MainViewController.m in Sources */,
				D3F39BB1152F7D7E00592832 /* Camcorder.m in Sources */,
				D31732E215316348009065B8 /* AtomicFlag.m in Sources */,
				D32684AE153263F400FFA1A6 /* MovieWriter.m in Sources */,
			);
			runOnlyForDeploymentPostprocessing = 0;
		};
/* End PBXSourcesBuildPhase section */

/* Begin PBXVariantGroup section */
		D3FB086F152F781300BE32FD /* InfoPlist.strings */ = {
			isa = PBXVariantGroup;
			children = (
				D3FB0870152F781300BE32FD /* en */,
			);
			name = InfoPlist.strings;
			sourceTree = "<group>";
		};
/* End PBXVariantGroup section */

/* Begin XCBuildConfiguration section */
		D3FB087E152F781300BE32FD /* Debug */ = {
			isa = XCBuildConfiguration;
			buildSettings = {
				ALWAYS_SEARCH_USER_PATHS = NO;
				ARCHS = "$(ARCHS_STANDARD_32_BIT)";
				CLANG_ENABLE_OBJC_ARC = YES;
				"CODE_SIGN_IDENTITY[sdk=iphoneos*]" = "iPhone Developer";
				COPY_PHASE_STRIP = NO;
				GCC_C_LANGUAGE_STANDARD = gnu99;
				GCC_DYNAMIC_NO_PIC = NO;
				GCC_OPTIMIZATION_LEVEL = 0;
				GCC_PREPROCESSOR_DEFINITIONS = (
					"DEBUG=1",
					"$(inherited)",
				);
				GCC_SYMBOLS_PRIVATE_EXTERN = NO;
				GCC_VERSION = com.apple.compilers.llvm.clang.1_0;
				GCC_WARN_ABOUT_RETURN_TYPE = YES;
				GCC_WARN_UNINITIALIZED_AUTOS = YES;
				GCC_WARN_UNUSED_VARIABLE = YES;
				IPHONEOS_DEPLOYMENT_TARGET = 5.1;
				SDKROOT = iphoneos;
			};
			name = Debug;
		};
		D3FB087F152F781300BE32FD /* Release */ = {
			isa = XCBuildConfiguration;
			buildSettings = {
				ALWAYS_SEARCH_USER_PATHS = NO;
				ARCHS = "$(ARCHS_STANDARD_32_BIT)";
				CLANG_ENABLE_OBJC_ARC = YES;
				"CODE_SIGN_IDENTITY[sdk=iphoneos*]" = "iPhone Developer";
				COPY_PHASE_STRIP = YES;
				GCC_C_LANGUAGE_STANDARD = gnu99;
				GCC_VERSION = com.apple.compilers.llvm.clang.1_0;
				GCC_WARN_ABOUT_RETURN_TYPE = YES;
				GCC_WARN_UNINITIALIZED_AUTOS = YES;
				GCC_WARN_UNUSED_VARIABLE = YES;
				IPHONEOS_DEPLOYMENT_TARGET = 5.1;
				OTHER_CFLAGS = "-DNS_BLOCK_ASSERTIONS=1";
				SDKROOT = iphoneos;
				VALIDATE_PRODUCT = YES;
			};
			name = Release;
		};
		D3FB0881152F781300BE32FD /* Debug */ = {
			isa = XCBuildConfiguration;
			buildSettings = {
				GCC_PRECOMPILE_PREFIX_HEADER = YES;
				GCC_PREFIX_HEADER = "Camcorder/Camcorder-Prefix.pch";
				INFOPLIST_FILE = "Camcorder/Camcorder-Info.plist";
				PRODUCT_NAME = "$(TARGET_NAME)";
				WRAPPER_EXTENSION = app;
			};
			name = Debug;
		};
		D3FB0882152F781300BE32FD /* Release */ = {
			isa = XCBuildConfiguration;
			buildSettings = {
				GCC_PRECOMPILE_PREFIX_HEADER = YES;
				GCC_PREFIX_HEADER = "Camcorder/Camcorder-Prefix.pch";
				INFOPLIST_FILE = "Camcorder/Camcorder-Info.plist";
				PRODUCT_NAME = "$(TARGET_NAME)";
				WRAPPER_EXTENSION = app;
			};
			name = Release;
		};
/* End XCBuildConfiguration section */

/* Begin XCConfigurationList section */
		D3FB085C152F781300BE32FD /* Build configuration list for PBXProject "Camcorder" */ = {
			isa = XCConfigurationList;
			buildConfigurations = (
				D3FB087E152F781300BE32FD /* Debug */,
				D3FB087F152F781300BE32FD /* Release */,
			);
			defaultConfigurationIsVisible = 0;
			defaultConfigurationName = Release;
		};
		D3FB0880152F781300BE32FD /* Build configuration list for PBXNativeTarget "Camcorder" */ = {
			isa = XCConfigurationList;
			buildConfigurations = (
				D3FB0881152F781300BE32FD /* Debug */,
				D3FB0882152F781300BE32FD /* Release */,
			);
			defaultConfigurationIsVisible = 0;
			defaultConfigurationName = Release;
		};
/* End XCConfigurationList section */
	};
	rootObject = D3FB0859152F781300BE32FD /* Project object */;
}
